
Microsoft Visual Studio Solution File, Format Version 12.00
# Visual Studio Version 16
VisualStudioVersion = 16.0.31605.320
MinimumVisualStudioVersion = 10.0.40219.1
Project("{FAE04EC0-301F-11D3-BF4B-00C04F79EFBC}") = "Authentication_Authorization_Examp", "Authentication_Authorization_Examp.csproj", "{B7777FF5-5019-4B0E-9736-F1BCF41D5102}"
EndProject
Global
	GlobalSection(SolutionConfigurationPlatforms) = preSolution
		Debug|Any CPU = Debug|Any CPU
		Release|Any CPU = Release|Any CPU
	EndGlobalSection
	GlobalSection(ProjectConfigurationPlatforms) = postSolution
		{B7777FF5-5019-4B0E-9736-F1BCF41D5102}.Debug|Any CPU.ActiveCfg = Debug|Any CPU
		{B7777FF5-5019-4B0E-9736-F1BCF41D5102}.Debug|Any CPU.Build.0 = Debug|Any CPU
		{B7777FF5-5019-4B0E-9736-F1BCF41D5102}.Release|Any CPU.ActiveCfg = Release|Any CPU
		{B7777FF5-5019-4B0E-9736-F1BCF41D5102}.Release|Any CPU.Build.0 = Release|Any CPU
	EndGlobalSection
	GlobalSection(SolutionProperties) = preSolution
		HideSolutionNode = FALSE
	EndGlobalSection
	GlobalSection(ExtensibilityGlobals) = postSolution
		SolutionGuid = {EB166A70-5FA9-4D00-9444-2ACC7F591EBA}
	EndGlobalSection
EndGlobal
